{
  "version": 4,
  "terraform_version": "1.0.11",
  "serial": 275,
  "lineage": "fa8f1e9b-bf44-efa8-00e1-a006e360e54b",
  "outputs": {
    "aws_lb_arn": {
      "value": "arn:aws:elasticloadbalancing:us-east-1:099459909584:loadbalancer/app/demo-app-web-https/19ff42a003414cd9",
      "type": "string"
    }
  },
  "resources": [
    {
      "mode": "managed",
      "type": "aws_alb",
      "name": "web",
      "provider": "provider[\"registry.terraform.io/hashicorp/aws\"]",
      "instances": [
        {
          "schema_version": 0,
          "attributes": {
            "access_logs": [
              {
                "bucket": "",
                "enabled": false,
                "prefix": ""
              }
            ],
            "arn": "arn:aws:elasticloadbalancing:us-east-1:099459909584:loadbalancer/app/demo-app-web-https/19ff42a003414cd9",
            "arn_suffix": "app/demo-app-web-https/19ff42a003414cd9",
            "customer_owned_ipv4_pool": "",
            "desync_mitigation_mode": "defensive",
            "dns_name": "demo-app-web-https-2030916989.us-east-1.elb.amazonaws.com",
            "drop_invalid_header_fields": false,
            "enable_cross_zone_load_balancing": null,
            "enable_deletion_protection": false,
            "enable_http2": true,
            "enable_waf_fail_open": false,
            "id": "arn:aws:elasticloadbalancing:us-east-1:099459909584:loadbalancer/app/demo-app-web-https/19ff42a003414cd9",
            "idle_timeout": 60,
            "internal": false,
            "ip_address_type": "ipv4",
            "load_balancer_type": "application",
            "name": "demo-app-web-https",
            "name_prefix": null,
            "security_groups": [
              "sg-0279d6f0b158ed971"
            ],
            "subnet_mapping": [
              {
                "allocation_id": "",
                "ipv6_address": "",
                "outpost_id": "",
                "private_ipv4_address": "",
                "subnet_id": "subnet-10ce5f4f"
              },
              {
                "allocation_id": "",
                "ipv6_address": "",
                "outpost_id": "",
                "private_ipv4_address": "",
                "subnet_id": "subnet-2b5f7b66"
              },
              {
                "allocation_id": "",
                "ipv6_address": "",
                "outpost_id": "",
                "private_ipv4_address": "",
                "subnet_id": "subnet-9736a3f1"
              }
            ],
            "subnets": [
              "subnet-10ce5f4f",
              "subnet-2b5f7b66",
              "subnet-9736a3f1"
            ],
            "tags": {
              "Environment": "production"
            },
            "tags_all": {
              "Environment": "production"
            },
            "timeouts": null,
            "vpc_id": "vpc-da4ceda7",
            "zone_id": "Z35SXDOTRQ7X7K"
          },
          "sensitive_attributes": [],
          "private": "eyJlMmJmYjczMC1lY2FhLTExZTYtOGY4OC0zNDM2M2JjN2M0YzAiOnsiY3JlYXRlIjo2MDAwMDAwMDAwMDAsImRlbGV0ZSI6NjAwMDAwMDAwMDAwLCJ1cGRhdGUiOjYwMDAwMDAwMDAwMH19"
        }
      ]
    },
    {
      "mode": "managed",
      "type": "aws_alb_listener",
      "name": "web",
      "provider": "provider[\"registry.terraform.io/hashicorp/aws\"]",
      "instances": [
        {
          "schema_version": 0,
          "attributes": {
            "alpn_policy": null,
            "arn": "arn:aws:elasticloadbalancing:us-east-1:099459909584:listener/app/demo-app-web-https/19ff42a003414cd9/39bd0df93f21fe64",
            "certificate_arn": null,
            "default_action": [
              {
                "authenticate_cognito": [],
                "authenticate_oidc": [],
                "fixed_response": [],
                "forward": [],
                "order": 1,
                "redirect": [],
                "target_group_arn": "arn:aws:elasticloadbalancing:us-east-1:099459909584:targetgroup/demo-app-web-https-tg/59f6c5d4cefc4ab5",
                "type": "forward"
              }
            ],
            "id": "arn:aws:elasticloadbalancing:us-east-1:099459909584:listener/app/demo-app-web-https/19ff42a003414cd9/39bd0df93f21fe64",
            "load_balancer_arn": "arn:aws:elasticloadbalancing:us-east-1:099459909584:loadbalancer/app/demo-app-web-https/19ff42a003414cd9",
            "port": 80,
            "protocol": "HTTP",
            "ssl_policy": "",
            "tags": null,
            "tags_all": {},
            "timeouts": null
          },
          "sensitive_attributes": [],
          "private": "eyJlMmJmYjczMC1lY2FhLTExZTYtOGY4OC0zNDM2M2JjN2M0YzAiOnsicmVhZCI6NjAwMDAwMDAwMDAwfX0=",
          "dependencies": [
            "aws_alb.web",
            "aws_alb_target_group.web"
          ]
        }
      ]
    },
    {
      "mode": "managed",
      "type": "aws_alb_target_group",
      "name": "web",
      "provider": "provider[\"registry.terraform.io/hashicorp/aws\"]",
      "instances": [
        {
          "schema_version": 0,
          "attributes": {
            "arn": "arn:aws:elasticloadbalancing:us-east-1:099459909584:targetgroup/demo-app-web-https-tg/59f6c5d4cefc4ab5",
            "arn_suffix": "targetgroup/demo-app-web-https-tg/59f6c5d4cefc4ab5",
            "connection_termination": false,
            "deregistration_delay": "15",
            "health_check": [
              {
                "enabled": true,
                "healthy_threshold": 3,
                "interval": 30,
                "matcher": "200",
                "path": "/health_check",
                "port": "80",
                "protocol": "HTTP",
                "timeout": 5,
                "unhealthy_threshold": 2
              }
            ],
            "id": "arn:aws:elasticloadbalancing:us-east-1:099459909584:targetgroup/demo-app-web-https-tg/59f6c5d4cefc4ab5",
            "lambda_multi_value_headers_enabled": false,
            "load_balancing_algorithm_type": "round_robin",
            "name": "demo-app-web-https-tg",
            "name_prefix": null,
            "port": 80,
            "preserve_client_ip": null,
            "protocol": "HTTP",
            "protocol_version": "HTTP1",
            "proxy_protocol_v2": false,
            "slow_start": 0,
            "stickiness": [
              {
                "cookie_duration": 86400,
                "cookie_name": "",
                "enabled": false,
                "type": "lb_cookie"
              }
            ],
            "tags": null,
            "tags_all": {},
            "target_type": "ip",
            "vpc_id": "vpc-da4ceda7"
          },
          "sensitive_attributes": [],
          "private": "bnVsbA==",
          "dependencies": [
            "aws_alb.web"
          ]
        }
      ]
    },
    {
      "mode": "managed",
      "type": "aws_ecs_cluster",
      "name": "web",
      "provider": "provider[\"registry.terraform.io/hashicorp/aws\"]",
      "instances": [
        {
          "schema_version": 0,
          "attributes": {
            "arn": "arn:aws:ecs:us-east-1:099459909584:cluster/demo-app",
            "capacity_providers": null,
            "configuration": [],
            "default_capacity_provider_strategy": [],
            "id": "arn:aws:ecs:us-east-1:099459909584:cluster/demo-app",
            "name": "demo-app",
            "setting": [
              {
                "name": "containerInsights",
                "value": "enabled"
              }
            ],
            "tags": null,
            "tags_all": {}
          },
          "sensitive_attributes": [],
          "private": "bnVsbA=="
        }
      ]
    },
    {
      "mode": "managed",
      "type": "aws_ecs_service",
      "name": "web",
      "provider": "provider[\"registry.terraform.io/hashicorp/aws\"]",
      "instances": [
        {
          "schema_version": 0,
          "attributes": {
            "capacity_provider_strategy": [],
            "cluster": "arn:aws:ecs:us-east-1:099459909584:cluster/demo-app",
            "deployment_circuit_breaker": [
              {
                "enable": false,
                "rollback": false
              }
            ],
            "deployment_controller": [
              {
                "type": "ECS"
              }
            ],
            "deployment_maximum_percent": 200,
            "deployment_minimum_healthy_percent": 100,
            "desired_count": 1,
            "enable_ecs_managed_tags": false,
            "enable_execute_command": false,
            "force_new_deployment": null,
            "health_check_grace_period_seconds": 0,
            "iam_role": "aws-service-role",
            "id": "arn:aws:ecs:us-east-1:099459909584:service/demo-app/demo-service-web",
            "launch_type": "FARGATE",
            "load_balancer": [
              {
                "container_name": "web",
                "container_port": 80,
                "elb_name": "",
                "target_group_arn": "arn:aws:elasticloadbalancing:us-east-1:099459909584:targetgroup/demo-app-web-https-tg/59f6c5d4cefc4ab5"
              }
            ],
            "name": "demo-service-web",
            "network_configuration": [
              {
                "assign_public_ip": true,
                "security_groups": [
                  "sg-0279d6f0b158ed971"
                ],
                "subnets": [
                  "subnet-10ce5f4f",
                  "subnet-2b5f7b66",
                  "subnet-9736a3f1"
                ]
              }
            ],
            "ordered_placement_strategy": [],
            "placement_constraints": [],
            "platform_version": "LATEST",
            "propagate_tags": "NONE",
            "scheduling_strategy": "REPLICA",
            "service_registries": [],
            "tags": null,
            "tags_all": {},
            "task_definition": "arn:aws:ecs:us-east-1:099459909584:task-definition/web-family:1",
            "timeouts": null,
            "wait_for_steady_state": false
          },
          "sensitive_attributes": [],
          "private": "eyJlMmJmYjczMC1lY2FhLTExZTYtOGY4OC0zNDM2M2JjN2M0YzAiOnsiZGVsZXRlIjoxMjAwMDAwMDAwMDAwfX0=",
          "dependencies": [
            "aws_alb.web",
            "aws_alb_target_group.web",
            "aws_ecs_cluster.web",
            "aws_ecs_task_definition.web"
          ]
        }
      ]
    },
    {
      "mode": "managed",
      "type": "aws_ecs_task_definition",
      "name": "web",
      "provider": "provider[\"registry.terraform.io/hashicorp/aws\"]",
      "instances": [
        {
          "schema_version": 1,
          "attributes": {
            "arn": "arn:aws:ecs:us-east-1:099459909584:task-definition/web-family:1",
            "container_definitions": "[{\"cpu\":0,\"environment\":[{\"name\":\"RAILS_ENV\",\"value\":\"production\"}],\"essential\":true,\"image\":\"099459909584.dkr.ecr.us-east-1.amazonaws.com/rails:9c399dc088a67a85a0ff558272c3a40b8ac2ae23\",\"logConfiguration\":{\"logDriver\":\"awslogs\",\"options\":{\"awslogs-group\":\"demo-app-web\",\"awslogs-region\":\"us-east-1\",\"awslogs-stream-prefix\":\"demo-web\"}},\"mountPoints\":[],\"name\":\"web\",\"portMappings\":[{\"containerPort\":80,\"hostPort\":80,\"protocol\":\"tcp\"}],\"volumesFrom\":[]}]",
            "cpu": "512",
            "ephemeral_storage": [],
            "execution_role_arn": "arn:aws:iam::099459909584:role/ecsTaskExecutionRole",
            "family": "web-family",
            "id": "web-family",
            "inference_accelerator": [],
            "ipc_mode": "",
            "memory": "1024",
            "network_mode": "awsvpc",
            "pid_mode": "",
            "placement_constraints": [],
            "proxy_configuration": [],
            "requires_compatibilities": [
              "FARGATE"
            ],
            "revision": 1,
            "tags": null,
            "tags_all": {},
            "task_role_arn": "arn:aws:iam::099459909584:role/ecsTaskExecutionRole",
            "volume": []
          },
          "sensitive_attributes": [],
          "private": "eyJzY2hlbWFfdmVyc2lvbiI6IjEifQ=="
        }
      ]
    }
  ]
}
